
Microsoft Visual Studio Solution File, Format Version 12.00
# Visual Studio Version 17
VisualStudioVersion = 17.0.31903.59
MinimumVisualStudioVersion = 10.0.40219.1
Project("{FAE04EC0-301F-11D3-BF4B-00C04F79EFBC}") = "Jcd.Networking", "Jcd.Networking\Jcd.Networking.csproj", "{22499CDB-C884-47E7-8BF9-10090A81132E}"
EndProject
Project("{FAE04EC0-301F-11D3-BF4B-00C04F79EFBC}") = "Jcd.Networking.Tests", "Jcd.Networking.Tests\Jcd.Networking.Tests.csproj", "{7E947482-1C5D-4D79-8B15-2E113E527998}"
EndProject
Project("{FAE04EC0-301F-11D3-BF4B-00C04F79EFBC}") = "Jcd.Networking.Examples", "Jcd.Networking.Examples\Jcd.Networking.Examples.csproj", "{42B41F2E-1B31-4CAB-983E-C3CF17D80483}"
EndProject
Global
	GlobalSection(SolutionConfigurationPlatforms) = preSolution
		Debug|Any CPU = Debug|Any CPU
		Release|Any CPU = Release|Any CPU
	EndGlobalSection
	GlobalSection(SolutionProperties) = preSolution
		HideSolutionNode = FALSE
	EndGlobalSection
	GlobalSection(ProjectConfigurationPlatforms) = postSolution
		{22499CDB-C884-47E7-8BF9-10090A81132E}.Debug|Any CPU.ActiveCfg = Debug|Any CPU
		{22499CDB-C884-47E7-8BF9-10090A81132E}.Debug|Any CPU.Build.0 = Debug|Any CPU
		{22499CDB-C884-47E7-8BF9-10090A81132E}.Release|Any CPU.ActiveCfg = Release|Any CPU
		{22499CDB-C884-47E7-8BF9-10090A81132E}.Release|Any CPU.Build.0 = Release|Any CPU
		{7E947482-1C5D-4D79-8B15-2E113E527998}.Debug|Any CPU.ActiveCfg = Debug|Any CPU
		{7E947482-1C5D-4D79-8B15-2E113E527998}.Debug|Any CPU.Build.0 = Debug|Any CPU
		{7E947482-1C5D-4D79-8B15-2E113E527998}.Release|Any CPU.ActiveCfg = Release|Any CPU
		{7E947482-1C5D-4D79-8B15-2E113E527998}.Release|Any CPU.Build.0 = Release|Any CPU
		{42B41F2E-1B31-4CAB-983E-C3CF17D80483}.Debug|Any CPU.ActiveCfg = Debug|Any CPU
		{42B41F2E-1B31-4CAB-983E-C3CF17D80483}.Debug|Any CPU.Build.0 = Debug|Any CPU
		{42B41F2E-1B31-4CAB-983E-C3CF17D80483}.Release|Any CPU.ActiveCfg = Release|Any CPU
		{42B41F2E-1B31-4CAB-983E-C3CF17D80483}.Release|Any CPU.Build.0 = Release|Any CPU
	EndGlobalSection
EndGlobal
